
Microsoft Visual Studio Solution File, Format Version 12.00
# Visual Studio 15
VisualStudioVersion = 15.0.25920.0
MinimumVisualStudioVersion = 10.0.40219.1
Project("{FAE04EC0-301F-11D3-BF4B-00C04F79EFBC}") = "MuscleFellow.Data", "MuscleFellow.Data\MuscleFellow.Data.csproj", "{8DD1B04B-42FD-40BD-9E4F-2538DD307506}"
EndProject
Project("{FAE04EC0-301F-11D3-BF4B-00C04F79EFBC}") = "MuscleFellow.Models", "MuscleFellow.Models\MuscleFellow.Models.csproj", "{24548022-6F0D-4B8E-A546-AC6D1E8457D0}"
EndProject
Project("{FAE04EC0-301F-11D3-BF4B-00C04F79EFBC}") = "MuscleFellow.Web", "MuscleFellow.Web\MuscleFellow.Web.csproj", "{34307497-E305-4FCC-82C5-B5B49DDB55B9}"
EndProject
Global
	GlobalSection(SolutionConfigurationPlatforms) = preSolution
		Debug|Any CPU = Debug|Any CPU
		Release|Any CPU = Release|Any CPU
	EndGlobalSection
	GlobalSection(ProjectConfigurationPlatforms) = postSolution
		{8DD1B04B-42FD-40BD-9E4F-2538DD307506}.Debug|Any CPU.ActiveCfg = Debug|Any CPU
		{8DD1B04B-42FD-40BD-9E4F-2538DD307506}.Debug|Any CPU.Build.0 = Debug|Any CPU
		{8DD1B04B-42FD-40BD-9E4F-2538DD307506}.Release|Any CPU.ActiveCfg = Release|Any CPU
		{8DD1B04B-42FD-40BD-9E4F-2538DD307506}.Release|Any CPU.Build.0 = Release|Any CPU
		{24548022-6F0D-4B8E-A546-AC6D1E8457D0}.Debug|Any CPU.ActiveCfg = Debug|Any CPU
		{24548022-6F0D-4B8E-A546-AC6D1E8457D0}.Debug|Any CPU.Build.0 = Debug|Any CPU
		{24548022-6F0D-4B8E-A546-AC6D1E8457D0}.Release|Any CPU.ActiveCfg = Release|Any CPU
		{24548022-6F0D-4B8E-A546-AC6D1E8457D0}.Release|Any CPU.Build.0 = Release|Any CPU
		{34307497-E305-4FCC-82C5-B5B49DDB55B9}.Debug|Any CPU.ActiveCfg = Debug|Any CPU
		{34307497-E305-4FCC-82C5-B5B49DDB55B9}.Debug|Any CPU.Build.0 = Debug|Any CPU
		{34307497-E305-4FCC-82C5-B5B49DDB55B9}.Release|Any CPU.ActiveCfg = Release|Any CPU
		{34307497-E305-4FCC-82C5-B5B49DDB55B9}.Release|Any CPU.Build.0 = Release|Any CPU
	EndGlobalSection
	GlobalSection(SolutionProperties) = preSolution
		HideSolutionNode = FALSE
	EndGlobalSection
EndGlobal
