
Microsoft Visual Studio Solution File, Format Version 12.00
# Visual Studio 15
VisualStudioVersion = 15.0.26228.9
MinimumVisualStudioVersion = 10.0.40219.1
Project("{FAE04EC0-301F-11D3-BF4B-00C04F79EFBC}") = "Inman.Platform.Server", "Inman.Platform.Server\Inman.Platform.Server.csproj", "{AB836C4E-13BE-4167-8227-AFF412AFFA1B}"
EndProject
Project("{FAE04EC0-301F-11D3-BF4B-00C04F79EFBC}") = "Inman.Platform.Client", "Inman.Platform.Client\Inman.Platform.Client.csproj", "{0B6017B7-4FC0-4766-B96B-F820515BB965}"
EndProject
Project("{FAE04EC0-301F-11D3-BF4B-00C04F79EFBC}") = "Inman.Platform.ServiceStub", "Inman.Platform.ServiceStub\Inman.Platform.ServiceStub.csproj", "{613FB094-4427-4BCD-8485-CDD5D3D39EBC}"
EndProject
Project("{FAE04EC0-301F-11D3-BF4B-00C04F79EFBC}") = "Inman.Platform.ServiceImpl", "Inman.Platform.Service\Inman.Platform.ServiceImpl.csproj", "{842C8642-A556-424A-B0D9-9401C93480CC}"
EndProject
Project("{FAE04EC0-301F-11D3-BF4B-00C04F79EFBC}") = "Inman.Platform.Data", "Inman.Platform.Data\Inman.Platform.Data.csproj", "{73812190-BAB6-427F-BE44-8E56678AF5AD}"
EndProject
Project("{2150E333-8FDC-42A3-9474-1A3956D46DE8}") = "ApacheThrift", "ApacheThrift", "{2B27427C-9D41-4CB2-9246-A517DBDF2544}"
EndProject
Project("{2150E333-8FDC-42A3-9474-1A3956D46DE8}") = "gRPC", "gRPC", "{A84DA285-C673-4193-A464-963C0FC6FAA5}"
EndProject
Project("{2150E333-8FDC-42A3-9474-1A3956D46DE8}") = "Consul", "Consul", "{9266C66C-1386-4B13-8DBA-50F86536CC9A}"
EndProject
Project("{FAE04EC0-301F-11D3-BF4B-00C04F79EFBC}") = "Inman.ConsulCenter", "Inman.ConsulNode\Inman.ConsulCenter.csproj", "{D3F12E60-B90D-4080-A043-69488BB1D108}"
EndProject
Project("{9A19103F-16F7-4668-BE54-9A1E7A4F7556}") = "Inman.Infrastructure.Data", "..\Inman.Infrastructure\Inman.Infrastructure.Data\Inman.Infrastructure.Data.csproj", "{28EE6868-629F-46E6-A272-23A1D82FA1CF}"
EndProject
Project("{9A19103F-16F7-4668-BE54-9A1E7A4F7556}") = "Inman.Infrastructure.Common", "..\Inman.Infrastructure\Inman.Infrastructure.Common\Inman.Infrastructure.Common.csproj", "{1A958FAF-C553-4A21-BE8C-73CC04ABF5DB}"
EndProject
Project("{2150E333-8FDC-42A3-9474-1A3956D46DE8}") = "Inman.Infrastructure", "Inman.Infrastructure", "{626DCBB5-FEA8-47DB-9939-7EE8B69054EE}"
EndProject
Project("{9A19103F-16F7-4668-BE54-9A1E7A4F7556}") = "Thrift", "Thrift\Thrift.csproj", "{2FC9E8C5-3963-4245-8489-C6493380358A}"
EndProject
Project("{9A19103F-16F7-4668-BE54-9A1E7A4F7556}") = "Inman.Platform.ThriftStub", "Inman.Platform.ServiceStub.Thrift\Inman.Platform.ThriftStub.csproj", "{B3C0C746-7B9F-4816-82E9-7855978E062E}"
EndProject
Project("{9A19103F-16F7-4668-BE54-9A1E7A4F7556}") = "Inman.Platform.ThriftService", "Inman.Platform.Service.Thrift\Inman.Platform.ThriftService.csproj", "{8578E35F-E494-4CB5-AC51-5237DDCAA5BB}"
EndProject
Project("{9A19103F-16F7-4668-BE54-9A1E7A4F7556}") = "Inman.Platform.ThriftServer", "Inman.Platform.Server.Thrift\Inman.Platform.ThriftServer.csproj", "{957DB1EA-2659-4AD1-923F-FA792E138AB5}"
EndProject
Project("{9A19103F-16F7-4668-BE54-9A1E7A4F7556}") = "Kendo.Mvc", "..\Inman.Infrastructure\Kendo.Mvc\Kendo.Mvc.csproj", "{7E98337F-E5DC-4FBC-B253-4E8E51FFDDC4}"
EndProject
Project("{FAE04EC0-301F-11D3-BF4B-00C04F79EFBC}") = "Inman.Platform.ServiceImpl.Test", "Inman.Platform.ServiceImpl.Test\Inman.Platform.ServiceImpl.Test.csproj", "{B99F539B-E565-4910-9329-658523A98DF3}"
EndProject
Global
	GlobalSection(SolutionConfigurationPlatforms) = preSolution
		Debug|Any CPU = Debug|Any CPU
		Debug|x64 = Debug|x64
		Debug|x86 = Debug|x86
		Release|Any CPU = Release|Any CPU
		Release|x64 = Release|x64
		Release|x86 = Release|x86
	EndGlobalSection
	GlobalSection(ProjectConfigurationPlatforms) = postSolution
		{AB836C4E-13BE-4167-8227-AFF412AFFA1B}.Debug|Any CPU.ActiveCfg = Debug|Any CPU
		{AB836C4E-13BE-4167-8227-AFF412AFFA1B}.Debug|Any CPU.Build.0 = Debug|Any CPU
		{AB836C4E-13BE-4167-8227-AFF412AFFA1B}.Debug|x64.ActiveCfg = Debug|Any CPU
		{AB836C4E-13BE-4167-8227-AFF412AFFA1B}.Debug|x64.Build.0 = Debug|Any CPU
		{AB836C4E-13BE-4167-8227-AFF412AFFA1B}.Debug|x86.ActiveCfg = Debug|Any CPU
		{AB836C4E-13BE-4167-8227-AFF412AFFA1B}.Debug|x86.Build.0 = Debug|Any CPU
		{AB836C4E-13BE-4167-8227-AFF412AFFA1B}.Release|Any CPU.ActiveCfg = Release|Any CPU
		{AB836C4E-13BE-4167-8227-AFF412AFFA1B}.Release|Any CPU.Build.0 = Release|Any CPU
		{AB836C4E-13BE-4167-8227-AFF412AFFA1B}.Release|x64.ActiveCfg = Release|Any CPU
		{AB836C4E-13BE-4167-8227-AFF412AFFA1B}.Release|x64.Build.0 = Release|Any CPU
		{AB836C4E-13BE-4167-8227-AFF412AFFA1B}.Release|x86.ActiveCfg = Release|Any CPU
		{AB836C4E-13BE-4167-8227-AFF412AFFA1B}.Release|x86.Build.0 = Release|Any CPU
		{0B6017B7-4FC0-4766-B96B-F820515BB965}.Debug|Any CPU.ActiveCfg = Debug|Any CPU
		{0B6017B7-4FC0-4766-B96B-F820515BB965}.Debug|Any CPU.Build.0 = Debug|Any CPU
		{0B6017B7-4FC0-4766-B96B-F820515BB965}.Debug|x64.ActiveCfg = Debug|Any CPU
		{0B6017B7-4FC0-4766-B96B-F820515BB965}.Debug|x64.Build.0 = Debug|Any CPU
		{0B6017B7-4FC0-4766-B96B-F820515BB965}.Debug|x86.ActiveCfg = Debug|Any CPU
		{0B6017B7-4FC0-4766-B96B-F820515BB965}.Debug|x86.Build.0 = Debug|Any CPU
		{0B6017B7-4FC0-4766-B96B-F820515BB965}.Release|Any CPU.ActiveCfg = Release|Any CPU
		{0B6017B7-4FC0-4766-B96B-F820515BB965}.Release|Any CPU.Build.0 = Release|Any CPU
		{0B6017B7-4FC0-4766-B96B-F820515BB965}.Release|x64.ActiveCfg = Release|Any CPU
		{0B6017B7-4FC0-4766-B96B-F820515BB965}.Release|x64.Build.0 = Release|Any CPU
		{0B6017B7-4FC0-4766-B96B-F820515BB965}.Release|x86.ActiveCfg = Release|Any CPU
		{0B6017B7-4FC0-4766-B96B-F820515BB965}.Release|x86.Build.0 = Release|Any CPU
		{613FB094-4427-4BCD-8485-CDD5D3D39EBC}.Debug|Any CPU.ActiveCfg = Debug|Any CPU
		{613FB094-4427-4BCD-8485-CDD5D3D39EBC}.Debug|Any CPU.Build.0 = Debug|Any CPU
		{613FB094-4427-4BCD-8485-CDD5D3D39EBC}.Debug|x64.ActiveCfg = Debug|Any CPU
		{613FB094-4427-4BCD-8485-CDD5D3D39EBC}.Debug|x64.Build.0 = Debug|Any CPU
		{613FB094-4427-4BCD-8485-CDD5D3D39EBC}.Debug|x86.ActiveCfg = Debug|Any CPU
		{613FB094-4427-4BCD-8485-CDD5D3D39EBC}.Debug|x86.Build.0 = Debug|Any CPU
		{613FB094-4427-4BCD-8485-CDD5D3D39EBC}.Release|Any CPU.ActiveCfg = Release|Any CPU
		{613FB094-4427-4BCD-8485-CDD5D3D39EBC}.Release|Any CPU.Build.0 = Release|Any CPU
		{613FB094-4427-4BCD-8485-CDD5D3D39EBC}.Release|x64.ActiveCfg = Release|Any CPU
		{613FB094-4427-4BCD-8485-CDD5D3D39EBC}.Release|x64.Build.0 = Release|Any CPU
		{613FB094-4427-4BCD-8485-CDD5D3D39EBC}.Release|x86.ActiveCfg = Release|Any CPU
		{613FB094-4427-4BCD-8485-CDD5D3D39EBC}.Release|x86.Build.0 = Release|Any CPU
		{842C8642-A556-424A-B0D9-9401C93480CC}.Debug|Any CPU.ActiveCfg = Debug|Any CPU
		{842C8642-A556-424A-B0D9-9401C93480CC}.Debug|Any CPU.Build.0 = Debug|Any CPU
		{842C8642-A556-424A-B0D9-9401C93480CC}.Debug|x64.ActiveCfg = Debug|Any CPU
		{842C8642-A556-424A-B0D9-9401C93480CC}.Debug|x64.Build.0 = Debug|Any CPU
		{842C8642-A556-424A-B0D9-9401C93480CC}.Debug|x86.ActiveCfg = Debug|Any CPU
		{842C8642-A556-424A-B0D9-9401C93480CC}.Debug|x86.Build.0 = Debug|Any CPU
		{842C8642-A556-424A-B0D9-9401C93480CC}.Release|Any CPU.ActiveCfg = Release|Any CPU
		{842C8642-A556-424A-B0D9-9401C93480CC}.Release|Any CPU.Build.0 = Release|Any CPU
		{842C8642-A556-424A-B0D9-9401C93480CC}.Release|x64.ActiveCfg = Release|Any CPU
		{842C8642-A556-424A-B0D9-9401C93480CC}.Release|x64.Build.0 = Release|Any CPU
		{842C8642-A556-424A-B0D9-9401C93480CC}.Release|x86.ActiveCfg = Release|Any CPU
		{842C8642-A556-424A-B0D9-9401C93480CC}.Release|x86.Build.0 = Release|Any CPU
		{73812190-BAB6-427F-BE44-8E56678AF5AD}.Debug|Any CPU.ActiveCfg = Debug|Any CPU
		{73812190-BAB6-427F-BE44-8E56678AF5AD}.Debug|Any CPU.Build.0 = Debug|Any CPU
		{73812190-BAB6-427F-BE44-8E56678AF5AD}.Debug|x64.ActiveCfg = Debug|Any CPU
		{73812190-BAB6-427F-BE44-8E56678AF5AD}.Debug|x64.Build.0 = Debug|Any CPU
		{73812190-BAB6-427F-BE44-8E56678AF5AD}.Debug|x86.ActiveCfg = Debug|Any CPU
		{73812190-BAB6-427F-BE44-8E56678AF5AD}.Debug|x86.Build.0 = Debug|Any CPU
		{73812190-BAB6-427F-BE44-8E56678AF5AD}.Release|Any CPU.ActiveCfg = Release|Any CPU
		{73812190-BAB6-427F-BE44-8E56678AF5AD}.Release|Any CPU.Build.0 = Release|Any CPU
		{73812190-BAB6-427F-BE44-8E56678AF5AD}.Release|x64.ActiveCfg = Release|Any CPU
		{73812190-BAB6-427F-BE44-8E56678AF5AD}.Release|x64.Build.0 = Release|Any CPU
		{73812190-BAB6-427F-BE44-8E56678AF5AD}.Release|x86.ActiveCfg = Release|Any CPU
		{73812190-BAB6-427F-BE44-8E56678AF5AD}.Release|x86.Build.0 = Release|Any CPU
		{D3F12E60-B90D-4080-A043-69488BB1D108}.Debug|Any CPU.ActiveCfg = Debug|Any CPU
		{D3F12E60-B90D-4080-A043-69488BB1D108}.Debug|Any CPU.Build.0 = Debug|Any CPU
		{D3F12E60-B90D-4080-A043-69488BB1D108}.Debug|x64.ActiveCfg = Debug|Any CPU
		{D3F12E60-B90D-4080-A043-69488BB1D108}.Debug|x64.Build.0 = Debug|Any CPU
		{D3F12E60-B90D-4080-A043-69488BB1D108}.Debug|x86.ActiveCfg = Debug|Any CPU
		{D3F12E60-B90D-4080-A043-69488BB1D108}.Debug|x86.Build.0 = Debug|Any CPU
		{D3F12E60-B90D-4080-A043-69488BB1D108}.Release|Any CPU.ActiveCfg = Release|Any CPU
		{D3F12E60-B90D-4080-A043-69488BB1D108}.Release|Any CPU.Build.0 = Release|Any CPU
		{D3F12E60-B90D-4080-A043-69488BB1D108}.Release|x64.ActiveCfg = Release|Any CPU
		{D3F12E60-B90D-4080-A043-69488BB1D108}.Release|x64.Build.0 = Release|Any CPU
		{D3F12E60-B90D-4080-A043-69488BB1D108}.Release|x86.ActiveCfg = Release|Any CPU
		{D3F12E60-B90D-4080-A043-69488BB1D108}.Release|x86.Build.0 = Release|Any CPU
		{28EE6868-629F-46E6-A272-23A1D82FA1CF}.Debug|Any CPU.ActiveCfg = Debug|Any CPU
		{28EE6868-629F-46E6-A272-23A1D82FA1CF}.Debug|Any CPU.Build.0 = Debug|Any CPU
		{28EE6868-629F-46E6-A272-23A1D82FA1CF}.Debug|x64.ActiveCfg = Debug|Any CPU
		{28EE6868-629F-46E6-A272-23A1D82FA1CF}.Debug|x64.Build.0 = Debug|Any CPU
		{28EE6868-629F-46E6-A272-23A1D82FA1CF}.Debug|x86.ActiveCfg = Debug|Any CPU
		{28EE6868-629F-46E6-A272-23A1D82FA1CF}.Debug|x86.Build.0 = Debug|Any CPU
		{28EE6868-629F-46E6-A272-23A1D82FA1CF}.Release|Any CPU.ActiveCfg = Release|Any CPU
		{28EE6868-629F-46E6-A272-23A1D82FA1CF}.Release|Any CPU.Build.0 = Release|Any CPU
		{28EE6868-629F-46E6-A272-23A1D82FA1CF}.Release|x64.ActiveCfg = Release|Any CPU
		{28EE6868-629F-46E6-A272-23A1D82FA1CF}.Release|x64.Build.0 = Release|Any CPU
		{28EE6868-629F-46E6-A272-23A1D82FA1CF}.Release|x86.ActiveCfg = Release|Any CPU
		{28EE6868-629F-46E6-A272-23A1D82FA1CF}.Release|x86.Build.0 = Release|Any CPU
		{1A958FAF-C553-4A21-BE8C-73CC04ABF5DB}.Debug|Any CPU.ActiveCfg = Debug|Any CPU
		{1A958FAF-C553-4A21-BE8C-73CC04ABF5DB}.Debug|Any CPU.Build.0 = Debug|Any CPU
		{1A958FAF-C553-4A21-BE8C-73CC04ABF5DB}.Debug|x64.ActiveCfg = Debug|Any CPU
		{1A958FAF-C553-4A21-BE8C-73CC04ABF5DB}.Debug|x64.Build.0 = Debug|Any CPU
		{1A958FAF-C553-4A21-BE8C-73CC04ABF5DB}.Debug|x86.ActiveCfg = Debug|Any CPU
		{1A958FAF-C553-4A21-BE8C-73CC04ABF5DB}.Debug|x86.Build.0 = Debug|Any CPU
		{1A958FAF-C553-4A21-BE8C-73CC04ABF5DB}.Release|Any CPU.ActiveCfg = Release|Any CPU
		{1A958FAF-C553-4A21-BE8C-73CC04ABF5DB}.Release|Any CPU.Build.0 = Release|Any CPU
		{1A958FAF-C553-4A21-BE8C-73CC04ABF5DB}.Release|x64.ActiveCfg = Release|Any CPU
		{1A958FAF-C553-4A21-BE8C-73CC04ABF5DB}.Release|x64.Build.0 = Release|Any CPU
		{1A958FAF-C553-4A21-BE8C-73CC04ABF5DB}.Release|x86.ActiveCfg = Release|Any CPU
		{1A958FAF-C553-4A21-BE8C-73CC04ABF5DB}.Release|x86.Build.0 = Release|Any CPU
		{2FC9E8C5-3963-4245-8489-C6493380358A}.Debug|Any CPU.ActiveCfg = Debug|Any CPU
		{2FC9E8C5-3963-4245-8489-C6493380358A}.Debug|Any CPU.Build.0 = Debug|Any CPU
		{2FC9E8C5-3963-4245-8489-C6493380358A}.Debug|x64.ActiveCfg = Debug|Any CPU
		{2FC9E8C5-3963-4245-8489-C6493380358A}.Debug|x64.Build.0 = Debug|Any CPU
		{2FC9E8C5-3963-4245-8489-C6493380358A}.Debug|x86.ActiveCfg = Debug|Any CPU
		{2FC9E8C5-3963-4245-8489-C6493380358A}.Debug|x86.Build.0 = Debug|Any CPU
		{2FC9E8C5-3963-4245-8489-C6493380358A}.Release|Any CPU.ActiveCfg = Release|Any CPU
		{2FC9E8C5-3963-4245-8489-C6493380358A}.Release|Any CPU.Build.0 = Release|Any CPU
		{2FC9E8C5-3963-4245-8489-C6493380358A}.Release|x64.ActiveCfg = Release|Any CPU
		{2FC9E8C5-3963-4245-8489-C6493380358A}.Release|x64.Build.0 = Release|Any CPU
		{2FC9E8C5-3963-4245-8489-C6493380358A}.Release|x86.ActiveCfg = Release|Any CPU
		{2FC9E8C5-3963-4245-8489-C6493380358A}.Release|x86.Build.0 = Release|Any CPU
		{B3C0C746-7B9F-4816-82E9-7855978E062E}.Debug|Any CPU.ActiveCfg = Debug|Any CPU
		{B3C0C746-7B9F-4816-82E9-7855978E062E}.Debug|Any CPU.Build.0 = Debug|Any CPU
		{B3C0C746-7B9F-4816-82E9-7855978E062E}.Debug|x64.ActiveCfg = Debug|Any CPU
		{B3C0C746-7B9F-4816-82E9-7855978E062E}.Debug|x64.Build.0 = Debug|Any CPU
		{B3C0C746-7B9F-4816-82E9-7855978E062E}.Debug|x86.ActiveCfg = Debug|Any CPU
		{B3C0C746-7B9F-4816-82E9-7855978E062E}.Debug|x86.Build.0 = Debug|Any CPU
		{B3C0C746-7B9F-4816-82E9-7855978E062E}.Release|Any CPU.ActiveCfg = Release|Any CPU
		{B3C0C746-7B9F-4816-82E9-7855978E062E}.Release|Any CPU.Build.0 = Release|Any CPU
		{B3C0C746-7B9F-4816-82E9-7855978E062E}.Release|x64.ActiveCfg = Release|Any CPU
		{B3C0C746-7B9F-4816-82E9-7855978E062E}.Release|x64.Build.0 = Release|Any CPU
		{B3C0C746-7B9F-4816-82E9-7855978E062E}.Release|x86.ActiveCfg = Release|Any CPU
		{B3C0C746-7B9F-4816-82E9-7855978E062E}.Release|x86.Build.0 = Release|Any CPU
		{8578E35F-E494-4CB5-AC51-5237DDCAA5BB}.Debug|Any CPU.ActiveCfg = Debug|Any CPU
		{8578E35F-E494-4CB5-AC51-5237DDCAA5BB}.Debug|Any CPU.Build.0 = Debug|Any CPU
		{8578E35F-E494-4CB5-AC51-5237DDCAA5BB}.Debug|x64.ActiveCfg = Debug|Any CPU
		{8578E35F-E494-4CB5-AC51-5237DDCAA5BB}.Debug|x64.Build.0 = Debug|Any CPU
		{8578E35F-E494-4CB5-AC51-5237DDCAA5BB}.Debug|x86.ActiveCfg = Debug|Any CPU
		{8578E35F-E494-4CB5-AC51-5237DDCAA5BB}.Debug|x86.Build.0 = Debug|Any CPU
		{8578E35F-E494-4CB5-AC51-5237DDCAA5BB}.Release|Any CPU.ActiveCfg = Release|Any CPU
		{8578E35F-E494-4CB5-AC51-5237DDCAA5BB}.Release|Any CPU.Build.0 = Release|Any CPU
		{8578E35F-E494-4CB5-AC51-5237DDCAA5BB}.Release|x64.ActiveCfg = Release|Any CPU
		{8578E35F-E494-4CB5-AC51-5237DDCAA5BB}.Release|x64.Build.0 = Release|Any CPU
		{8578E35F-E494-4CB5-AC51-5237DDCAA5BB}.Release|x86.ActiveCfg = Release|Any CPU
		{8578E35F-E494-4CB5-AC51-5237DDCAA5BB}.Release|x86.Build.0 = Release|Any CPU
		{957DB1EA-2659-4AD1-923F-FA792E138AB5}.Debug|Any CPU.ActiveCfg = Debug|Any CPU
		{957DB1EA-2659-4AD1-923F-FA792E138AB5}.Debug|Any CPU.Build.0 = Debug|Any CPU
		{957DB1EA-2659-4AD1-923F-FA792E138AB5}.Debug|x64.ActiveCfg = Debug|Any CPU
		{957DB1EA-2659-4AD1-923F-FA792E138AB5}.Debug|x64.Build.0 = Debug|Any CPU
		{957DB1EA-2659-4AD1-923F-FA792E138AB5}.Debug|x86.ActiveCfg = Debug|Any CPU
		{957DB1EA-2659-4AD1-923F-FA792E138AB5}.Debug|x86.Build.0 = Debug|Any CPU
		{957DB1EA-2659-4AD1-923F-FA792E138AB5}.Release|Any CPU.ActiveCfg = Release|Any CPU
		{957DB1EA-2659-4AD1-923F-FA792E138AB5}.Release|Any CPU.Build.0 = Release|Any CPU
		{957DB1EA-2659-4AD1-923F-FA792E138AB5}.Release|x64.ActiveCfg = Release|Any CPU
		{957DB1EA-2659-4AD1-923F-FA792E138AB5}.Release|x64.Build.0 = Release|Any CPU
		{957DB1EA-2659-4AD1-923F-FA792E138AB5}.Release|x86.ActiveCfg = Release|Any CPU
		{957DB1EA-2659-4AD1-923F-FA792E138AB5}.Release|x86.Build.0 = Release|Any CPU
		{7E98337F-E5DC-4FBC-B253-4E8E51FFDDC4}.Debug|Any CPU.ActiveCfg = Debug|Any CPU
		{7E98337F-E5DC-4FBC-B253-4E8E51FFDDC4}.Debug|Any CPU.Build.0 = Debug|Any CPU
		{7E98337F-E5DC-4FBC-B253-4E8E51FFDDC4}.Debug|x64.ActiveCfg = Debug|Any CPU
		{7E98337F-E5DC-4FBC-B253-4E8E51FFDDC4}.Debug|x64.Build.0 = Debug|Any CPU
		{7E98337F-E5DC-4FBC-B253-4E8E51FFDDC4}.Debug|x86.ActiveCfg = Debug|Any CPU
		{7E98337F-E5DC-4FBC-B253-4E8E51FFDDC4}.Debug|x86.Build.0 = Debug|Any CPU
		{7E98337F-E5DC-4FBC-B253-4E8E51FFDDC4}.Release|Any CPU.ActiveCfg = Release|Any CPU
		{7E98337F-E5DC-4FBC-B253-4E8E51FFDDC4}.Release|Any CPU.Build.0 = Release|Any CPU
		{7E98337F-E5DC-4FBC-B253-4E8E51FFDDC4}.Release|x64.ActiveCfg = Release|Any CPU
		{7E98337F-E5DC-4FBC-B253-4E8E51FFDDC4}.Release|x64.Build.0 = Release|Any CPU
		{7E98337F-E5DC-4FBC-B253-4E8E51FFDDC4}.Release|x86.ActiveCfg = Release|Any CPU
		{7E98337F-E5DC-4FBC-B253-4E8E51FFDDC4}.Release|x86.Build.0 = Release|Any CPU
		{B99F539B-E565-4910-9329-658523A98DF3}.Debug|Any CPU.ActiveCfg = Debug|Any CPU
		{B99F539B-E565-4910-9329-658523A98DF3}.Debug|Any CPU.Build.0 = Debug|Any CPU
		{B99F539B-E565-4910-9329-658523A98DF3}.Debug|x64.ActiveCfg = Debug|Any CPU
		{B99F539B-E565-4910-9329-658523A98DF3}.Debug|x64.Build.0 = Debug|Any CPU
		{B99F539B-E565-4910-9329-658523A98DF3}.Debug|x86.ActiveCfg = Debug|Any CPU
		{B99F539B-E565-4910-9329-658523A98DF3}.Debug|x86.Build.0 = Debug|Any CPU
		{B99F539B-E565-4910-9329-658523A98DF3}.Release|Any CPU.ActiveCfg = Release|Any CPU
		{B99F539B-E565-4910-9329-658523A98DF3}.Release|Any CPU.Build.0 = Release|Any CPU
		{B99F539B-E565-4910-9329-658523A98DF3}.Release|x64.ActiveCfg = Release|Any CPU
		{B99F539B-E565-4910-9329-658523A98DF3}.Release|x64.Build.0 = Release|Any CPU
		{B99F539B-E565-4910-9329-658523A98DF3}.Release|x86.ActiveCfg = Release|Any CPU
		{B99F539B-E565-4910-9329-658523A98DF3}.Release|x86.Build.0 = Release|Any CPU
	EndGlobalSection
	GlobalSection(SolutionProperties) = preSolution
		HideSolutionNode = FALSE
	EndGlobalSection
	GlobalSection(NestedProjects) = preSolution
		{AB836C4E-13BE-4167-8227-AFF412AFFA1B} = {A84DA285-C673-4193-A464-963C0FC6FAA5}
		{613FB094-4427-4BCD-8485-CDD5D3D39EBC} = {A84DA285-C673-4193-A464-963C0FC6FAA5}
		{842C8642-A556-424A-B0D9-9401C93480CC} = {A84DA285-C673-4193-A464-963C0FC6FAA5}
		{D3F12E60-B90D-4080-A043-69488BB1D108} = {9266C66C-1386-4B13-8DBA-50F86536CC9A}
		{28EE6868-629F-46E6-A272-23A1D82FA1CF} = {626DCBB5-FEA8-47DB-9939-7EE8B69054EE}
		{1A958FAF-C553-4A21-BE8C-73CC04ABF5DB} = {626DCBB5-FEA8-47DB-9939-7EE8B69054EE}
		{2FC9E8C5-3963-4245-8489-C6493380358A} = {2B27427C-9D41-4CB2-9246-A517DBDF2544}
		{B3C0C746-7B9F-4816-82E9-7855978E062E} = {2B27427C-9D41-4CB2-9246-A517DBDF2544}
		{8578E35F-E494-4CB5-AC51-5237DDCAA5BB} = {2B27427C-9D41-4CB2-9246-A517DBDF2544}
		{957DB1EA-2659-4AD1-923F-FA792E138AB5} = {2B27427C-9D41-4CB2-9246-A517DBDF2544}
		{7E98337F-E5DC-4FBC-B253-4E8E51FFDDC4} = {626DCBB5-FEA8-47DB-9939-7EE8B69054EE}
		{B99F539B-E565-4910-9329-658523A98DF3} = {A84DA285-C673-4193-A464-963C0FC6FAA5}
	EndGlobalSection
EndGlobal
